{
  "name": "spinefit-monorepo",
  "lockfileVersion": 3,
  "requires": true,
  "packages": {
    "": {
      "name": "spinefit-monorepo"
    },
    "node_modules/pmpm": {
      "version": "0.0.0",
      "resolved": "https://registry.npmjs.org/pmpm/-/pmpm-0.0.0.tgz",
      "integrity": "sha512-8v0jmAeT/h6RC0OkD5reS9TMq5o8f5RPSXwThwRxAuckd/z6uoAoNT5h695ne4wbaM/zJIvEK3I/N8GcLwBZGg==",
      "license": "MIT"
    }
  }
}
